
Microsoft Visual Studio Solution File, Format Version 12.00
# Visual Studio 15
VisualStudioVersion = 15.0.26124.0
MinimumVisualStudioVersion = 15.0.26124.0
Project("{FAE04EC0-301F-11D3-BF4B-00C04F79EFBC}") = "PrimeService", "PrimeService\PrimeService.csproj", "{AED84B80-1D99-4575-B5F1-6D556D6B668C}"
EndProject
Project("{FAE04EC0-301F-11D3-BF4B-00C04F79EFBC}") = "PrimeService.Tests", "PrimeService.Tests\PrimeService.Tests.csproj", "{03C96F57-8E57-42CA-82D8-D6C87E1FFF6D}"
EndProject
Global
	GlobalSection(SolutionConfigurationPlatforms) = preSolution
		Debug|Any CPU = Debug|Any CPU
		Debug|x64 = Debug|x64
		Debug|x86 = Debug|x86
		Release|Any CPU = Release|Any CPU
		Release|x64 = Release|x64
		Release|x86 = Release|x86
	EndGlobalSection
	GlobalSection(SolutionProperties) = preSolution
		HideSolutionNode = FALSE
	EndGlobalSection
	GlobalSection(ProjectConfigurationPlatforms) = postSolution
		{AED84B80-1D99-4575-B5F1-6D556D6B668C}.Debug|Any CPU.ActiveCfg = Debug|Any CPU
		{AED84B80-1D99-4575-B5F1-6D556D6B668C}.Debug|Any CPU.Build.0 = Debug|Any CPU
		{AED84B80-1D99-4575-B5F1-6D556D6B668C}.Debug|x64.ActiveCfg = Debug|x64
		{AED84B80-1D99-4575-B5F1-6D556D6B668C}.Debug|x64.Build.0 = Debug|x64
		{AED84B80-1D99-4575-B5F1-6D556D6B668C}.Debug|x86.ActiveCfg = Debug|x86
		{AED84B80-1D99-4575-B5F1-6D556D6B668C}.Debug|x86.Build.0 = Debug|x86
		{AED84B80-1D99-4575-B5F1-6D556D6B668C}.Release|Any CPU.ActiveCfg = Release|Any CPU
		{AED84B80-1D99-4575-B5F1-6D556D6B668C}.Release|Any CPU.Build.0 = Release|Any CPU
		{AED84B80-1D99-4575-B5F1-6D556D6B668C}.Release|x64.ActiveCfg = Release|x64
		{AED84B80-1D99-4575-B5F1-6D556D6B668C}.Release|x64.Build.0 = Release|x64
		{AED84B80-1D99-4575-B5F1-6D556D6B668C}.Release|x86.ActiveCfg = Release|x86
		{AED84B80-1D99-4575-B5F1-6D556D6B668C}.Release|x86.Build.0 = Release|x86
		{03C96F57-8E57-42CA-82D8-D6C87E1FFF6D}.Debug|Any CPU.ActiveCfg = Debug|Any CPU
		{03C96F57-8E57-42CA-82D8-D6C87E1FFF6D}.Debug|Any CPU.Build.0 = Debug|Any CPU
		{03C96F57-8E57-42CA-82D8-D6C87E1FFF6D}.Debug|x64.ActiveCfg = Debug|x64
		{03C96F57-8E57-42CA-82D8-D6C87E1FFF6D}.Debug|x64.Build.0 = Debug|x64
		{03C96F57-8E57-42CA-82D8-D6C87E1FFF6D}.Debug|x86.ActiveCfg = Debug|x86
		{03C96F57-8E57-42CA-82D8-D6C87E1FFF6D}.Debug|x86.Build.0 = Debug|x86
		{03C96F57-8E57-42CA-82D8-D6C87E1FFF6D}.Release|Any CPU.ActiveCfg = Release|Any CPU
		{03C96F57-8E57-42CA-82D8-D6C87E1FFF6D}.Release|Any CPU.Build.0 = Release|Any CPU
		{03C96F57-8E57-42CA-82D8-D6C87E1FFF6D}.Release|x64.ActiveCfg = Release|x64
		{03C96F57-8E57-42CA-82D8-D6C87E1FFF6D}.Release|x64.Build.0 = Release|x64
		{03C96F57-8E57-42CA-82D8-D6C87E1FFF6D}.Release|x86.ActiveCfg = Release|x86
		{03C96F57-8E57-42CA-82D8-D6C87E1FFF6D}.Release|x86.Build.0 = Release|x86
	EndGlobalSection
EndGlobal
